
Microsoft Visual Studio Solution File, Format Version 12.00
# Visual Studio 15
VisualStudioVersion = 15.0.27703.2035
MinimumVisualStudioVersion = 10.0.40219.1
Project("{FAE04EC0-301F-11D3-BF4B-00C04F79EFBC}") = "Otomasyon", "Otomasyon.csproj", "{DE5521C4-ED2F-48FF-9E01-888FEF697C73}"
EndProject
Global
	GlobalSection(SolutionConfigurationPlatforms) = preSolution
		Debug|Any CPU = Debug|Any CPU
		Release|Any CPU = Release|Any CPU
	EndGlobalSection
	GlobalSection(ProjectConfigurationPlatforms) = postSolution
		{DE5521C4-ED2F-48FF-9E01-888FEF697C73}.Debug|Any CPU.ActiveCfg = Debug|Any CPU
		{DE5521C4-ED2F-48FF-9E01-888FEF697C73}.Debug|Any CPU.Build.0 = Debug|Any CPU
		{DE5521C4-ED2F-48FF-9E01-888FEF697C73}.Release|Any CPU.ActiveCfg = Release|Any CPU
		{DE5521C4-ED2F-48FF-9E01-888FEF697C73}.Release|Any CPU.Build.0 = Release|Any CPU
	EndGlobalSection
	GlobalSection(SolutionProperties) = preSolution
		HideSolutionNode = FALSE
	EndGlobalSection
	GlobalSection(ExtensibilityGlobals) = postSolution
		SolutionGuid = {9201FA88-F121-4969-9FBD-A4A962EBA769}
	EndGlobalSection
EndGlobal
